
Microsoft Visual Studio Solution File, Format Version 12.00
# Visual Studio 15
VisualStudioVersion = 15.0.27428.2037
MinimumVisualStudioVersion = 10.0.40219.1
Project("{9A19103F-16F7-4668-BE54-9A1E7A4F7556}") = "BubbleSort", "SortingAlgorithms\BubbleSort.csproj", "{9423F32D-42DA-4E8B-9A3A-72703849C60A}"
EndProject
Project("{FAE04EC0-301F-11D3-BF4B-00C04F79EFBC}") = "InsertionSort", "InsertionSort\InsertionSort.csproj", "{67CD6DDB-6C6C-4C2B-AB46-DC8607009478}"
EndProject
Global
	GlobalSection(SolutionConfigurationPlatforms) = preSolution
		Debug|Any CPU = Debug|Any CPU
		Release|Any CPU = Release|Any CPU
	EndGlobalSection
	GlobalSection(ProjectConfigurationPlatforms) = postSolution
		{9423F32D-42DA-4E8B-9A3A-72703849C60A}.Debug|Any CPU.ActiveCfg = Debug|Any CPU
		{9423F32D-42DA-4E8B-9A3A-72703849C60A}.Debug|Any CPU.Build.0 = Debug|Any CPU
		{9423F32D-42DA-4E8B-9A3A-72703849C60A}.Release|Any CPU.ActiveCfg = Release|Any CPU
		{9423F32D-42DA-4E8B-9A3A-72703849C60A}.Release|Any CPU.Build.0 = Release|Any CPU
		{67CD6DDB-6C6C-4C2B-AB46-DC8607009478}.Debug|Any CPU.ActiveCfg = Debug|Any CPU
		{67CD6DDB-6C6C-4C2B-AB46-DC8607009478}.Debug|Any CPU.Build.0 = Debug|Any CPU
		{67CD6DDB-6C6C-4C2B-AB46-DC8607009478}.Release|Any CPU.ActiveCfg = Release|Any CPU
		{67CD6DDB-6C6C-4C2B-AB46-DC8607009478}.Release|Any CPU.Build.0 = Release|Any CPU
	EndGlobalSection
	GlobalSection(SolutionProperties) = preSolution
		HideSolutionNode = FALSE
	EndGlobalSection
	GlobalSection(ExtensibilityGlobals) = postSolution
		SolutionGuid = {AFEC2D06-85A7-47D8-A2E3-E070705B0AD3}
	EndGlobalSection
EndGlobal
